
Microsoft Visual Studio Solution File, Format Version 12.00
Project("{FAE04EC0-301F-11D3-BF4B-00C04F79EFBC}") = "LactoseWebApp", "LactoseWebApp\LactoseWebApp.csproj", "{0012896F-429F-46D9-8C9E-6ED239E1B7B0}"
EndProject
Project("{2150E333-8FDC-42A3-9474-1A3956D46DE8}") = "Solution Items", "Solution Items", "{1A5B914F-734E-426F-9D24-E5CE594E3775}"
	ProjectSection(SolutionItems) = preProject
		docker-compose.yml = docker-compose.yml
	EndProjectSection
EndProject
Project("{FAE04EC0-301F-11D3-BF4B-00C04F79EFBC}") = "LactoseIdentity", "LactoseIdentity\LactoseIdentity.csproj", "{FA7A84E6-BAAD-458E-872E-563A79E0E817}"
EndProject
Project("{FAE04EC0-301F-11D3-BF4B-00C04F79EFBC}") = "LactoseConfig", "LactoseConfig\LactoseConfig.csproj", "{78223F48-27DF-4973-B442-6E178591C92B}"
EndProject
Project("{FAE04EC0-301F-11D3-BF4B-00C04F79EFBC}") = "LactoseTasks", "LactoseTasks\LactoseTasks.csproj", "{9E23B237-367E-4AD3-A5FE-E7D9072D305D}"
EndProject
Project("{FAE04EC0-301F-11D3-BF4B-00C04F79EFBC}") = "LactoseEconomy", "LactoseEconomy\LactoseEconomy.csproj", "{892A8532-E707-4ACE-BB61-E946D419CDDB}"
EndProject
Project("{FAE04EC0-301F-11D3-BF4B-00C04F79EFBC}") = "LactoseSimulation", "LactoseSimulation\LactoseSimulation.csproj", "{C4038023-C9F5-4725-88E1-85AF3D19AFFB}"
EndProject
Project("{FAE04EC0-301F-11D3-BF4B-00C04F79EFBC}") = "LactoseEconomyContracts", "LactoseEconomyContracts\LactoseEconomyContracts.csproj", "{7B586B29-6DD7-4EE0-B973-931A406D62E9}"
EndProject
Project("{FAE04EC0-301F-11D3-BF4B-00C04F79EFBC}") = "LactoseEconomyClient", "LactoseEconomyClient\LactoseEconomyClient.csproj", "{C501077F-4336-4D1B-B603-2A2D4822D39B}"
EndProject
Project("{FAE04EC0-301F-11D3-BF4B-00C04F79EFBC}") = "LactoseClient", "LactoseClient\LactoseClient.csproj", "{06C7E2B6-65B4-4E9D-92E7-339DFD45637E}"
EndProject
Global
	GlobalSection(SolutionConfigurationPlatforms) = preSolution
		Debug|Any CPU = Debug|Any CPU
		Release|Any CPU = Release|Any CPU
	EndGlobalSection
	GlobalSection(ProjectConfigurationPlatforms) = postSolution
		{0012896F-429F-46D9-8C9E-6ED239E1B7B0}.Debug|Any CPU.ActiveCfg = Debug|Any CPU
		{0012896F-429F-46D9-8C9E-6ED239E1B7B0}.Debug|Any CPU.Build.0 = Debug|Any CPU
		{0012896F-429F-46D9-8C9E-6ED239E1B7B0}.Release|Any CPU.ActiveCfg = Release|Any CPU
		{0012896F-429F-46D9-8C9E-6ED239E1B7B0}.Release|Any CPU.Build.0 = Release|Any CPU
		{FA7A84E6-BAAD-458E-872E-563A79E0E817}.Debug|Any CPU.ActiveCfg = Debug|Any CPU
		{FA7A84E6-BAAD-458E-872E-563A79E0E817}.Debug|Any CPU.Build.0 = Debug|Any CPU
		{FA7A84E6-BAAD-458E-872E-563A79E0E817}.Release|Any CPU.ActiveCfg = Release|Any CPU
		{FA7A84E6-BAAD-458E-872E-563A79E0E817}.Release|Any CPU.Build.0 = Release|Any CPU
		{78223F48-27DF-4973-B442-6E178591C92B}.Debug|Any CPU.ActiveCfg = Debug|Any CPU
		{78223F48-27DF-4973-B442-6E178591C92B}.Debug|Any CPU.Build.0 = Debug|Any CPU
		{78223F48-27DF-4973-B442-6E178591C92B}.Release|Any CPU.ActiveCfg = Release|Any CPU
		{78223F48-27DF-4973-B442-6E178591C92B}.Release|Any CPU.Build.0 = Release|Any CPU
		{9E23B237-367E-4AD3-A5FE-E7D9072D305D}.Debug|Any CPU.ActiveCfg = Debug|Any CPU
		{9E23B237-367E-4AD3-A5FE-E7D9072D305D}.Debug|Any CPU.Build.0 = Debug|Any CPU
		{9E23B237-367E-4AD3-A5FE-E7D9072D305D}.Release|Any CPU.ActiveCfg = Release|Any CPU
		{9E23B237-367E-4AD3-A5FE-E7D9072D305D}.Release|Any CPU.Build.0 = Release|Any CPU
		{892A8532-E707-4ACE-BB61-E946D419CDDB}.Debug|Any CPU.ActiveCfg = Debug|Any CPU
		{892A8532-E707-4ACE-BB61-E946D419CDDB}.Debug|Any CPU.Build.0 = Debug|Any CPU
		{892A8532-E707-4ACE-BB61-E946D419CDDB}.Release|Any CPU.ActiveCfg = Release|Any CPU
		{892A8532-E707-4ACE-BB61-E946D419CDDB}.Release|Any CPU.Build.0 = Release|Any CPU
		{C4038023-C9F5-4725-88E1-85AF3D19AFFB}.Debug|Any CPU.ActiveCfg = Debug|Any CPU
		{C4038023-C9F5-4725-88E1-85AF3D19AFFB}.Debug|Any CPU.Build.0 = Debug|Any CPU
		{C4038023-C9F5-4725-88E1-85AF3D19AFFB}.Release|Any CPU.ActiveCfg = Release|Any CPU
		{C4038023-C9F5-4725-88E1-85AF3D19AFFB}.Release|Any CPU.Build.0 = Release|Any CPU
		{7B586B29-6DD7-4EE0-B973-931A406D62E9}.Debug|Any CPU.ActiveCfg = Debug|Any CPU
		{7B586B29-6DD7-4EE0-B973-931A406D62E9}.Debug|Any CPU.Build.0 = Debug|Any CPU
		{7B586B29-6DD7-4EE0-B973-931A406D62E9}.Release|Any CPU.ActiveCfg = Release|Any CPU
		{7B586B29-6DD7-4EE0-B973-931A406D62E9}.Release|Any CPU.Build.0 = Release|Any CPU
		{C501077F-4336-4D1B-B603-2A2D4822D39B}.Debug|Any CPU.ActiveCfg = Debug|Any CPU
		{C501077F-4336-4D1B-B603-2A2D4822D39B}.Debug|Any CPU.Build.0 = Debug|Any CPU
		{C501077F-4336-4D1B-B603-2A2D4822D39B}.Release|Any CPU.ActiveCfg = Release|Any CPU
		{C501077F-4336-4D1B-B603-2A2D4822D39B}.Release|Any CPU.Build.0 = Release|Any CPU
		{06C7E2B6-65B4-4E9D-92E7-339DFD45637E}.Debug|Any CPU.ActiveCfg = Debug|Any CPU
		{06C7E2B6-65B4-4E9D-92E7-339DFD45637E}.Debug|Any CPU.Build.0 = Debug|Any CPU
		{06C7E2B6-65B4-4E9D-92E7-339DFD45637E}.Release|Any CPU.ActiveCfg = Release|Any CPU
		{06C7E2B6-65B4-4E9D-92E7-339DFD45637E}.Release|Any CPU.Build.0 = Release|Any CPU
	EndGlobalSection
EndGlobal
